
Microsoft Visual Studio Solution File, Format Version 12.00
# Visual Studio Version 17
VisualStudioVersion = 17.0.31919.166
MinimumVisualStudioVersion = 10.0.40219.1
Project("{FAE04EC0-301F-11D3-BF4B-00C04F79EFBC}") = "RGR", "RGR\RGR.csproj", "{DF808CFC-5A38-4272-A222-FD5E27F48DDB}"
EndProject
Global
	GlobalSection(SolutionConfigurationPlatforms) = preSolution
		Debug|Any CPU = Debug|Any CPU
		Release|Any CPU = Release|Any CPU
	EndGlobalSection
	GlobalSection(ProjectConfigurationPlatforms) = postSolution
		{DF808CFC-5A38-4272-A222-FD5E27F48DDB}.Debug|Any CPU.ActiveCfg = Debug|Any CPU
		{DF808CFC-5A38-4272-A222-FD5E27F48DDB}.Debug|Any CPU.Build.0 = Debug|Any CPU
		{DF808CFC-5A38-4272-A222-FD5E27F48DDB}.Release|Any CPU.ActiveCfg = Release|Any CPU
		{DF808CFC-5A38-4272-A222-FD5E27F48DDB}.Release|Any CPU.Build.0 = Release|Any CPU
	EndGlobalSection
	GlobalSection(SolutionProperties) = preSolution
		HideSolutionNode = FALSE
	EndGlobalSection
	GlobalSection(ExtensibilityGlobals) = postSolution
		SolutionGuid = {DBA27D34-1124-401C-802C-C53F79D6FBAC}
	EndGlobalSection
EndGlobal
